{
  "version": 4,
  "terraform_version": "1.4.0",
  "serial": 46,
  "lineage": "dd672f4c-061c-b46d-f336-265735c29a12",
  "outputs": {
    "rglocation": {
      "value": "northeurope",
      "type": "string"
    },
    "rgname": {
      "value": "rg-rich-prawn",
      "type": "string"
    },
    "stgactname": {
      "value": "st1srsvm",
      "type": "string"
    }
  },
  "resources": [
    {
      "module": "module.compute_vm_fpront",
      "mode": "managed",
      "type": "azurerm_key_vault_secret",
      "name": "vmpassword",
      "provider": "provider[\"registry.terraform.io/hashicorp/azurerm\"]",
      "instances": [
        {
          "schema_version": 0,
          "attributes": {
            "content_type": "",
            "expiration_date": null,
            "id": "https://keyvault2e4c66389b.vault.azure.net/secrets/winvmpassword/46f4d1c9c1be475b8af53e0a3efbd4a0",
            "key_vault_id": "/subscriptions/8fa9018b-616d-407d-8c95-5b793c7178ae/resourceGroups/rg-rich-prawn/providers/Microsoft.KeyVault/vaults/keyvault2e4c66389b",
            "name": "winvmpassword",
            "not_before_date": null,
            "resource_id": "/subscriptions/8fa9018b-616d-407d-8c95-5b793c7178ae/resourceGroups/rg-rich-prawn/providers/Microsoft.KeyVault/vaults/keyvault2e4c66389b/secrets/winvmpassword/versions/46f4d1c9c1be475b8af53e0a3efbd4a0",
            "resource_versionless_id": "/subscriptions/8fa9018b-616d-407d-8c95-5b793c7178ae/resourceGroups/rg-rich-prawn/providers/Microsoft.KeyVault/vaults/keyvault2e4c66389b/secrets/winvmpassword",
            "tags": {},
            "timeouts": null,
            "value": "6fg3_GLh%\u0026*QzB?dnLjq",
            "version": "46f4d1c9c1be475b8af53e0a3efbd4a0",
            "versionless_id": "https://keyvault2e4c66389b.vault.azure.net/secrets/winvmpassword"
          },
          "sensitive_attributes": [
            [
              {
                "type": "get_attr",
                "value": "value"
              }
            ]
          ],
          "private": "eyJlMmJmYjczMC1lY2FhLTExZTYtOGY4OC0zNDM2M2JjN2M0YzAiOnsiY3JlYXRlIjoxODAwMDAwMDAwMDAwLCJkZWxldGUiOjE4MDAwMDAwMDAwMDAsInJlYWQiOjE4MDAwMDAwMDAwMDAsInVwZGF0ZSI6MTgwMDAwMDAwMDAwMH19",
          "dependencies": [
            "module.compute_vm_fpront.random_password.vmpassword",
            "module.key_vault.azurerm_key_vault.scrmkv",
            "module.key_vault.data.azurerm_client_config.current",
            "module.key_vault.random_id.kvault",
            "module.resource_group.azurerm_resource_group.rg",
            "module.resource_group.azurerm_storage_account.stmgmnt",
            "module.resource_group.azurerm_storage_container.logcontainer",
            "module.resource_group.random_pet.rg_name",
            "module.resource_group.random_string.staccount",
            "module.virtual_network.azurerm_private_dns_zone.default",
            "module.virtual_network.azurerm_private_dns_zone_virtual_network_link.default",
            "module.virtual_network.azurerm_subnet.backsubnet",
            "module.virtual_network.azurerm_subnet.front",
            "module.virtual_network.azurerm_virtual_network.default",
            "module.virtual_network.random_string.vnet"
          ]
        }
      ]
    },
    {
      "module": "module.compute_vm_fpront",
      "mode": "managed",
      "type": "azurerm_network_interface",
      "name": "adapter",
      "provider": "provider[\"registry.terraform.io/hashicorp/azurerm\"]",
      "instances": [
        {
          "schema_version": 0,
          "attributes": {
            "applied_dns_servers": [],
            "dns_servers": [],
            "edge_zone": "",
            "enable_accelerated_networking": false,
            "enable_ip_forwarding": false,
            "id": "/subscriptions/8fa9018b-616d-407d-8c95-5b793c7178ae/resourceGroups/rg-rich-prawn/providers/Microsoft.Network/networkInterfaces/vmfront-nic",
            "internal_dns_name_label": "",
            "internal_domain_name_suffix": "lxgushvfl2tufgpdscb3c3wgif.fx.internal.cloudapp.net",
            "ip_configuration": [
              {
                "gateway_load_balancer_frontend_ip_configuration_id": "",
                "name": "internal",
                "primary": true,
                "private_ip_address": "10.0.1.4",
                "private_ip_address_allocation": "Dynamic",
                "private_ip_address_version": "IPv4",
                "public_ip_address_id": "",
                "subnet_id": "/subscriptions/8fa9018b-616d-407d-8c95-5b793c7178ae/resourceGroups/rg-rich-prawn/providers/Microsoft.Network/virtualNetworks/vnet-scrm-dev/subnets/snet-front"
              }
            ],
            "location": "northeurope",
            "mac_address": "",
            "name": "vmfront-nic",
            "private_ip_address": "10.0.1.4",
            "private_ip_addresses": [
              "10.0.1.4"
            ],
            "resource_group_name": "rg-rich-prawn",
            "tags": {},
            "timeouts": null,
            "virtual_machine_id": ""
          },
          "sensitive_attributes": [],
          "private": "eyJlMmJmYjczMC1lY2FhLTExZTYtOGY4OC0zNDM2M2JjN2M0YzAiOnsiY3JlYXRlIjoxODAwMDAwMDAwMDAwLCJkZWxldGUiOjE4MDAwMDAwMDAwMDAsInJlYWQiOjMwMDAwMDAwMDAwMCwidXBkYXRlIjoxODAwMDAwMDAwMDAwfX0=",
          "dependencies": [
            "module.key_vault.azurerm_key_vault.scrmkv",
            "module.key_vault.data.azurerm_client_config.current",
            "module.key_vault.random_id.kvault",
            "module.resource_group.azurerm_resource_group.rg",
            "module.resource_group.azurerm_storage_account.stmgmnt",
            "module.resource_group.azurerm_storage_container.logcontainer",
            "module.resource_group.random_pet.rg_name",
            "module.resource_group.random_string.staccount",
            "module.virtual_network.azurerm_private_dns_zone.default",
            "module.virtual_network.azurerm_private_dns_zone_virtual_network_link.default",
            "module.virtual_network.azurerm_subnet.backsubnet",
            "module.virtual_network.azurerm_subnet.front",
            "module.virtual_network.azurerm_virtual_network.default",
            "module.virtual_network.random_string.vnet"
          ]
        }
      ]
    },
    {
      "module": "module.compute_vm_fpront",
      "mode": "managed",
      "type": "azurerm_windows_virtual_machine",
      "name": "vmfront",
      "provider": "provider[\"registry.terraform.io/hashicorp/azurerm\"]",
      "instances": [
        {
          "schema_version": 0,
          "attributes": {
            "additional_capabilities": [],
            "additional_unattend_content": [],
            "admin_password": "6fg3_GLh%\u0026*QzB?dnLjq",
            "admin_username": "adminlopezg",
            "allow_extension_operations": true,
            "availability_set_id": "",
            "boot_diagnostics": [],
            "capacity_reservation_group_id": "",
            "computer_name": "winvmfront01",
            "custom_data": null,
            "dedicated_host_group_id": "",
            "dedicated_host_id": "",
            "edge_zone": "",
            "enable_automatic_updates": true,
            "encryption_at_host_enabled": false,
            "eviction_policy": "",
            "extensions_time_budget": "PT1H30M",
            "gallery_application": [],
            "hotpatching_enabled": false,
            "id": "/subscriptions/8fa9018b-616d-407d-8c95-5b793c7178ae/resourceGroups/rg-rich-prawn/providers/Microsoft.Compute/virtualMachines/winvmfront01",
            "identity": [],
            "license_type": "",
            "location": "northeurope",
            "max_bid_price": -1,
            "name": "winvmfront01",
            "network_interface_ids": [
              "/subscriptions/8fa9018b-616d-407d-8c95-5b793c7178ae/resourceGroups/rg-rich-prawn/providers/Microsoft.Network/networkInterfaces/vmfront-nic"
            ],
            "os_disk": [
              {
                "caching": "ReadWrite",
                "diff_disk_settings": [],
                "disk_encryption_set_id": "",
                "disk_size_gb": 127,
                "name": "winvmfront01_OsDisk_1_67b3fd72b8df43dc83552a095d0822c3",
                "secure_vm_disk_encryption_set_id": "",
                "security_encryption_type": "",
                "storage_account_type": "Standard_LRS",
                "write_accelerator_enabled": false
              }
            ],
            "patch_assessment_mode": "ImageDefault",
            "patch_mode": "AutomaticByOS",
            "plan": [],
            "platform_fault_domain": -1,
            "priority": "Regular",
            "private_ip_address": "10.0.1.4",
            "private_ip_addresses": [
              "10.0.1.4"
            ],
            "provision_vm_agent": true,
            "proximity_placement_group_id": "",
            "public_ip_address": "",
            "public_ip_addresses": [],
            "resource_group_name": "rg-rich-prawn",
            "secret": [],
            "secure_boot_enabled": false,
            "size": "Standard_B2ms",
            "source_image_id": "",
            "source_image_reference": [
              {
                "offer": "WindowsServer",
                "publisher": "MicrosoftWindowsServer",
                "sku": "2022-Datacenter",
                "version": "latest"
              }
            ],
            "tags": null,
            "termination_notification": null,
            "timeouts": null,
            "timezone": "",
            "user_data": "",
            "virtual_machine_id": "5b201577-02c4-42ef-b978-6cc3a07042a3",
            "virtual_machine_scale_set_id": "",
            "vtpm_enabled": false,
            "winrm_listener": [],
            "zone": ""
          },
          "sensitive_attributes": [
            [
              {
                "type": "get_attr",
                "value": "admin_password"
              }
            ]
          ],
          "private": "eyJlMmJmYjczMC1lY2FhLTExZTYtOGY4OC0zNDM2M2JjN2M0YzAiOnsiY3JlYXRlIjoyNzAwMDAwMDAwMDAwLCJkZWxldGUiOjI3MDAwMDAwMDAwMDAsInJlYWQiOjMwMDAwMDAwMDAwMCwidXBkYXRlIjoyNzAwMDAwMDAwMDAwfX0=",
          "dependencies": [
            "module.compute_vm_fpront.azurerm_key_vault_secret.vmpassword",
            "module.compute_vm_fpront.azurerm_network_interface.adapter",
            "module.key_vault.azurerm_key_vault.scrmkv",
            "module.key_vault.data.azurerm_client_config.current",
            "module.key_vault.random_id.kvault",
            "module.resource_group.azurerm_resource_group.rg",
            "module.resource_group.azurerm_storage_account.stmgmnt",
            "module.resource_group.azurerm_storage_container.logcontainer",
            "module.resource_group.random_pet.rg_name",
            "module.resource_group.random_string.staccount",
            "module.virtual_network.azurerm_private_dns_zone.default",
            "module.virtual_network.azurerm_private_dns_zone_virtual_network_link.default",
            "module.virtual_network.azurerm_subnet.backsubnet",
            "module.virtual_network.azurerm_subnet.front",
            "module.virtual_network.azurerm_virtual_network.default",
            "module.virtual_network.random_string.vnet"
          ]
        }
      ]
    },
    {
      "module": "module.compute_vm_fpront",
      "mode": "managed",
      "type": "random_password",
      "name": "vmpassword",
      "provider": "provider[\"registry.terraform.io/hashicorp/random\"]",
      "instances": [
        {
          "schema_version": 3,
          "attributes": {
            "bcrypt_hash": "$2a$10$TUrOYg.oVTNN/b45Sb/lKOTogi.YwnbfUq43oTBOc9wypRnkIwTOy",
            "id": "none",
            "keepers": null,
            "length": 20,
            "lower": true,
            "min_lower": 0,
            "min_numeric": 0,
            "min_special": 0,
            "min_upper": 0,
            "number": true,
            "numeric": true,
            "override_special": null,
            "result": "6fg3_GLh%\u0026*QzB?dnLjq",
            "special": true,
            "upper": true
          },
          "sensitive_attributes": [],
          "dependencies": [
            "module.key_vault.azurerm_key_vault.scrmkv",
            "module.key_vault.data.azurerm_client_config.current",
            "module.key_vault.random_id.kvault",
            "module.resource_group.azurerm_resource_group.rg",
            "module.resource_group.azurerm_storage_account.stmgmnt",
            "module.resource_group.azurerm_storage_container.logcontainer",
            "module.resource_group.random_pet.rg_name",
            "module.resource_group.random_string.staccount",
            "module.virtual_network.azurerm_private_dns_zone.default",
            "module.virtual_network.azurerm_private_dns_zone_virtual_network_link.default",
            "module.virtual_network.azurerm_subnet.backsubnet",
            "module.virtual_network.azurerm_subnet.front",
            "module.virtual_network.azurerm_virtual_network.default",
            "module.virtual_network.random_string.vnet"
          ]
        }
      ]
    },
    {
      "module": "module.key_vault",
      "mode": "data",
      "type": "azurerm_client_config",
      "name": "current",
      "provider": "provider[\"registry.terraform.io/hashicorp/azurerm\"]",
      "instances": [
        {
          "schema_version": 0,
          "attributes": {
            "client_id": "2bdcb9e1-48f7-47d8-8429-c611a89be18a",
            "id": "Y2xpZW50Q29uZmlncy9jbGllbnRJZD0yYmRjYjllMS00OGY3LTQ3ZDgtODQyOS1jNjExYTg5YmUxOGE7b2JqZWN0SWQ9NGMzNzNmY2YtNzdiNC00YmEzLTg4NTktNDNmMTcwMzkzNjVkO3N1YnNjcmlwdGlvbklkPThmYTkwMThiLTYxNmQtNDA3ZC04Yzk1LTViNzkzYzcxNzhhZTt0ZW5hbnRJZD0zNTA2OWQ3NC0xNDg5LTQxOTQtODBjNy0zYTgxMzg1ZWFkNWI=",
            "object_id": "4c373fcf-77b4-4ba3-8859-43f17039365d",
            "subscription_id": "8fa9018b-616d-407d-8c95-5b793c7178ae",
            "tenant_id": "35069d74-1489-4194-80c7-3a81385ead5b",
            "timeouts": null
          },
          "sensitive_attributes": []
        }
      ]
    },
    {
      "module": "module.key_vault",
      "mode": "managed",
      "type": "azurerm_key_vault",
      "name": "scrmkv",
      "provider": "provider[\"registry.terraform.io/hashicorp/azurerm\"]",
      "instances": [
        {
          "schema_version": 2,
          "attributes": {
            "access_policy": [
              {
                "application_id": "",
                "certificate_permissions": [],
                "key_permissions": [
                  "Get"
                ],
                "object_id": "4c373fcf-77b4-4ba3-8859-43f17039365d",
                "secret_permissions": [
                  "Get",
                  "Backup",
                  "Delete",
                  "List",
                  "Purge",
                  "Recover",
                  "Restore",
                  "Set"
                ],
                "storage_permissions": [
                  "Get"
                ],
                "tenant_id": "35069d74-1489-4194-80c7-3a81385ead5b"
              }
            ],
            "contact": [],
            "enable_rbac_authorization": false,
            "enabled_for_deployment": false,
            "enabled_for_disk_encryption": true,
            "enabled_for_template_deployment": false,
            "id": "/subscriptions/8fa9018b-616d-407d-8c95-5b793c7178ae/resourceGroups/rg-rich-prawn/providers/Microsoft.KeyVault/vaults/keyvault2e4c66389b",
            "location": "northeurope",
            "name": "keyvault2e4c66389b",
            "network_acls": [
              {
                "bypass": "AzureServices",
                "default_action": "Allow",
                "ip_rules": [],
                "virtual_network_subnet_ids": []
              }
            ],
            "public_network_access_enabled": true,
            "purge_protection_enabled": false,
            "resource_group_name": "rg-rich-prawn",
            "sku_name": "standard",
            "soft_delete_retention_days": 7,
            "tags": {},
            "tenant_id": "35069d74-1489-4194-80c7-3a81385ead5b",
            "timeouts": null,
            "vault_uri": "https://keyvault2e4c66389b.vault.azure.net/"
          },
          "sensitive_attributes": [],
          "private": "eyJlMmJmYjczMC1lY2FhLTExZTYtOGY4OC0zNDM2M2JjN2M0YzAiOnsiY3JlYXRlIjoxODAwMDAwMDAwMDAwLCJkZWxldGUiOjE4MDAwMDAwMDAwMDAsInJlYWQiOjMwMDAwMDAwMDAwMCwidXBkYXRlIjoxODAwMDAwMDAwMDAwfSwic2NoZW1hX3ZlcnNpb24iOiIyIn0=",
          "dependencies": [
            "module.key_vault.data.azurerm_client_config.current",
            "module.key_vault.random_id.kvault",
            "module.resource_group.azurerm_resource_group.rg",
            "module.resource_group.azurerm_storage_account.stmgmnt",
            "module.resource_group.azurerm_storage_container.logcontainer",
            "module.resource_group.random_pet.rg_name",
            "module.resource_group.random_string.staccount"
          ]
        }
      ]
    },
    {
      "module": "module.key_vault",
      "mode": "managed",
      "type": "random_id",
      "name": "kvault",
      "provider": "provider[\"registry.terraform.io/hashicorp/random\"]",
      "instances": [
        {
          "schema_version": 0,
          "attributes": {
            "b64_std": "keyvaultLkxmOJs=",
            "b64_url": "keyvaultLkxmOJs",
            "byte_length": 5,
            "dec": "keyvault198850263195",
            "hex": "keyvault2e4c66389b",
            "id": "LkxmOJs",
            "keepers": null,
            "prefix": "keyvault"
          },
          "sensitive_attributes": [],
          "dependencies": [
            "module.resource_group.azurerm_resource_group.rg",
            "module.resource_group.azurerm_storage_account.stmgmnt",
            "module.resource_group.azurerm_storage_container.logcontainer",
            "module.resource_group.random_pet.rg_name",
            "module.resource_group.random_string.staccount"
          ]
        }
      ]
    },
    {
      "module": "module.mysql_server",
      "mode": "managed",
      "type": "azurerm_key_vault_secret",
      "name": "vmpassword",
      "provider": "provider[\"registry.terraform.io/hashicorp/azurerm\"]",
      "instances": [
        {
          "schema_version": 0,
          "attributes": {
            "content_type": "",
            "expiration_date": null,
            "id": "https://keyvault2e4c66389b.vault.azure.net/secrets/mysqlpassword/f4c081c7612046e283c4f5bdd567cbf6",
            "key_vault_id": "/subscriptions/8fa9018b-616d-407d-8c95-5b793c7178ae/resourceGroups/rg-rich-prawn/providers/Microsoft.KeyVault/vaults/keyvault2e4c66389b",
            "name": "mysqlpassword",
            "not_before_date": null,
            "resource_id": "/subscriptions/8fa9018b-616d-407d-8c95-5b793c7178ae/resourceGroups/rg-rich-prawn/providers/Microsoft.KeyVault/vaults/keyvault2e4c66389b/secrets/mysqlpassword/versions/f4c081c7612046e283c4f5bdd567cbf6",
            "resource_versionless_id": "/subscriptions/8fa9018b-616d-407d-8c95-5b793c7178ae/resourceGroups/rg-rich-prawn/providers/Microsoft.KeyVault/vaults/keyvault2e4c66389b/secrets/mysqlpassword",
            "tags": null,
            "timeouts": null,
            "value": "dOqg\u003evgArl\u003ee@X244cw]",
            "version": "f4c081c7612046e283c4f5bdd567cbf6",
            "versionless_id": "https://keyvault2e4c66389b.vault.azure.net/secrets/mysqlpassword"
          },
          "sensitive_attributes": [
            [
              {
                "type": "get_attr",
                "value": "value"
              }
            ]
          ],
          "private": "eyJlMmJmYjczMC1lY2FhLTExZTYtOGY4OC0zNDM2M2JjN2M0YzAiOnsiY3JlYXRlIjoxODAwMDAwMDAwMDAwLCJkZWxldGUiOjE4MDAwMDAwMDAwMDAsInJlYWQiOjE4MDAwMDAwMDAwMDAsInVwZGF0ZSI6MTgwMDAwMDAwMDAwMH19",
          "dependencies": [
            "module.key_vault.azurerm_key_vault.scrmkv",
            "module.key_vault.data.azurerm_client_config.current",
            "module.key_vault.random_id.kvault",
            "module.mysql_server.random_password.password",
            "module.resource_group.azurerm_resource_group.rg",
            "module.resource_group.azurerm_storage_account.stmgmnt",
            "module.resource_group.azurerm_storage_container.logcontainer",
            "module.resource_group.random_pet.rg_name",
            "module.resource_group.random_string.staccount",
            "module.virtual_network.azurerm_private_dns_zone.default",
            "module.virtual_network.azurerm_private_dns_zone_virtual_network_link.default",
            "module.virtual_network.azurerm_subnet.backsubnet",
            "module.virtual_network.azurerm_subnet.front",
            "module.virtual_network.azurerm_virtual_network.default",
            "module.virtual_network.random_string.vnet"
          ]
        }
      ]
    },
    {
      "module": "module.mysql_server",
      "mode": "managed",
      "type": "azurerm_mysql_flexible_server",
      "name": "default",
      "provider": "provider[\"registry.terraform.io/hashicorp/azurerm\"]",
      "instances": [
        {
          "schema_version": 0,
          "attributes": {
            "administrator_login": "mysqladmin",
            "administrator_password": "dOqg\u003evgArl\u003ee@X244cw]",
            "backup_retention_days": 7,
            "create_mode": null,
            "customer_managed_key": [],
            "delegated_subnet_id": "/subscriptions/8fa9018b-616d-407d-8c95-5b793c7178ae/resourceGroups/rg-rich-prawn/providers/Microsoft.Network/virtualNetworks/vnet-scrm-dev/subnets/snet-back",
            "fqdn": "mysqlfs-j6gl6w.mysql.database.azure.com",
            "geo_redundant_backup_enabled": false,
            "high_availability": [
              {
                "mode": "ZoneRedundant",
                "standby_availability_zone": "2"
              }
            ],
            "id": "/subscriptions/8fa9018b-616d-407d-8c95-5b793c7178ae/resourceGroups/rg-rich-prawn/providers/Microsoft.DBforMySQL/flexibleServers/mysqlfs-j6gl6w",
            "identity": [],
            "location": "northeurope",
            "maintenance_window": [
              {
                "day_of_week": 0,
                "start_hour": 8,
                "start_minute": 0
              }
            ],
            "name": "mysqlfs-j6gl6w",
            "point_in_time_restore_time_in_utc": null,
            "private_dns_zone_id": "/subscriptions/8fa9018b-616d-407d-8c95-5b793c7178ae/resourceGroups/rg-rich-prawn/providers/Microsoft.Network/privateDnsZones/3nwx3m.mysql.database.azure.com",
            "public_network_access_enabled": false,
            "replica_capacity": 10,
            "replication_role": "None",
            "resource_group_name": "rg-rich-prawn",
            "sku_name": "GP_Standard_D2ds_v4",
            "source_server_id": null,
            "storage": [
              {
                "auto_grow_enabled": true,
                "iops": 360,
                "size_gb": 20
              }
            ],
            "tags": {},
            "timeouts": null,
            "version": "8.0.21",
            "zone": "1"
          },
          "sensitive_attributes": [
            [
              {
                "type": "get_attr",
                "value": "administrator_password"
              }
            ]
          ],
          "private": "eyJlMmJmYjczMC1lY2FhLTExZTYtOGY4OC0zNDM2M2JjN2M0YzAiOnsiY3JlYXRlIjozNjAwMDAwMDAwMDAwLCJkZWxldGUiOjM2MDAwMDAwMDAwMDAsInJlYWQiOjMwMDAwMDAwMDAwMCwidXBkYXRlIjozNjAwMDAwMDAwMDAwfX0=",
          "dependencies": [
            "module.key_vault.azurerm_key_vault.scrmkv",
            "module.key_vault.data.azurerm_client_config.current",
            "module.key_vault.random_id.kvault",
            "module.mysql_server.random_password.password",
            "module.mysql_server.random_string.vnet",
            "module.resource_group.azurerm_resource_group.rg",
            "module.resource_group.azurerm_storage_account.stmgmnt",
            "module.resource_group.azurerm_storage_container.logcontainer",
            "module.resource_group.random_pet.rg_name",
            "module.resource_group.random_string.staccount",
            "module.virtual_network.azurerm_private_dns_zone.default",
            "module.virtual_network.azurerm_private_dns_zone_virtual_network_link.default",
            "module.virtual_network.azurerm_subnet.backsubnet",
            "module.virtual_network.azurerm_subnet.front",
            "module.virtual_network.azurerm_virtual_network.default",
            "module.virtual_network.random_string.vnet"
          ]
        }
      ]
    },
    {
      "module": "module.mysql_server",
      "mode": "managed",
      "type": "random_password",
      "name": "password",
      "provider": "provider[\"registry.terraform.io/hashicorp/random\"]",
      "instances": [
        {
          "schema_version": 3,
          "attributes": {
            "bcrypt_hash": "$2a$10$C68aBnCLjaoHjPJ1rIepruzkWmYcn6RFS54F0K/1tDMV25rbVTaha",
            "id": "none",
            "keepers": null,
            "length": 20,
            "lower": true,
            "min_lower": 0,
            "min_numeric": 0,
            "min_special": 0,
            "min_upper": 0,
            "number": true,
            "numeric": true,
            "override_special": null,
            "result": "dOqg\u003evgArl\u003ee@X244cw]",
            "special": true,
            "upper": true
          },
          "sensitive_attributes": [],
          "dependencies": [
            "module.key_vault.azurerm_key_vault.scrmkv",
            "module.key_vault.data.azurerm_client_config.current",
            "module.key_vault.random_id.kvault",
            "module.resource_group.azurerm_resource_group.rg",
            "module.resource_group.azurerm_storage_account.stmgmnt",
            "module.resource_group.azurerm_storage_container.logcontainer",
            "module.resource_group.random_pet.rg_name",
            "module.resource_group.random_string.staccount",
            "module.virtual_network.azurerm_private_dns_zone.default",
            "module.virtual_network.azurerm_private_dns_zone_virtual_network_link.default",
            "module.virtual_network.azurerm_subnet.backsubnet",
            "module.virtual_network.azurerm_subnet.front",
            "module.virtual_network.azurerm_virtual_network.default",
            "module.virtual_network.random_string.vnet"
          ]
        }
      ]
    },
    {
      "module": "module.mysql_server",
      "mode": "managed",
      "type": "random_string",
      "name": "vnet",
      "provider": "provider[\"registry.terraform.io/hashicorp/random\"]",
      "instances": [
        {
          "schema_version": 2,
          "attributes": {
            "id": "j6gl6w",
            "keepers": null,
            "length": 6,
            "lower": true,
            "min_lower": 0,
            "min_numeric": 0,
            "min_special": 0,
            "min_upper": 0,
            "number": true,
            "numeric": true,
            "override_special": null,
            "result": "j6gl6w",
            "special": false,
            "upper": false
          },
          "sensitive_attributes": [],
          "dependencies": [
            "module.key_vault.azurerm_key_vault.scrmkv",
            "module.key_vault.data.azurerm_client_config.current",
            "module.key_vault.random_id.kvault",
            "module.resource_group.azurerm_resource_group.rg",
            "module.resource_group.azurerm_storage_account.stmgmnt",
            "module.resource_group.azurerm_storage_container.logcontainer",
            "module.resource_group.random_pet.rg_name",
            "module.resource_group.random_string.staccount",
            "module.virtual_network.azurerm_private_dns_zone.default",
            "module.virtual_network.azurerm_private_dns_zone_virtual_network_link.default",
            "module.virtual_network.azurerm_subnet.backsubnet",
            "module.virtual_network.azurerm_subnet.front",
            "module.virtual_network.azurerm_virtual_network.default",
            "module.virtual_network.random_string.vnet"
          ]
        }
      ]
    },
    {
      "module": "module.resource_group",
      "mode": "managed",
      "type": "azurerm_resource_group",
      "name": "rg",
      "provider": "provider[\"registry.terraform.io/hashicorp/azurerm\"]",
      "instances": [
        {
          "schema_version": 0,
          "attributes": {
            "id": "/subscriptions/8fa9018b-616d-407d-8c95-5b793c7178ae/resourceGroups/rg-rich-prawn",
            "location": "northeurope",
            "name": "rg-rich-prawn",
            "tags": {},
            "timeouts": null
          },
          "sensitive_attributes": [],
          "private": "eyJlMmJmYjczMC1lY2FhLTExZTYtOGY4OC0zNDM2M2JjN2M0YzAiOnsiY3JlYXRlIjo1NDAwMDAwMDAwMDAwLCJkZWxldGUiOjU0MDAwMDAwMDAwMDAsInJlYWQiOjMwMDAwMDAwMDAwMCwidXBkYXRlIjo1NDAwMDAwMDAwMDAwfX0=",
          "dependencies": [
            "module.resource_group.random_pet.rg_name"
          ]
        }
      ]
    },
    {
      "module": "module.resource_group",
      "mode": "managed",
      "type": "azurerm_storage_account",
      "name": "stmgmnt",
      "provider": "provider[\"registry.terraform.io/hashicorp/azurerm\"]",
      "instances": [
        {
          "schema_version": 3,
          "attributes": {
            "access_tier": "Hot",
            "account_kind": "StorageV2",
            "account_replication_type": "LRS",
            "account_tier": "Standard",
            "allow_nested_items_to_be_public": true,
            "allowed_copy_scope": "",
            "azure_files_authentication": [],
            "blob_properties": [
              {
                "change_feed_enabled": false,
                "change_feed_retention_in_days": 0,
                "container_delete_retention_policy": [],
                "cors_rule": [],
                "default_service_version": "",
                "delete_retention_policy": [],
                "last_access_time_enabled": false,
                "restore_policy": [],
                "versioning_enabled": false
              }
            ],
            "cross_tenant_replication_enabled": true,
            "custom_domain": [],
            "customer_managed_key": [],
            "default_to_oauth_authentication": false,
            "edge_zone": "",
            "enable_https_traffic_only": true,
            "id": "/subscriptions/8fa9018b-616d-407d-8c95-5b793c7178ae/resourceGroups/rg-rich-prawn/providers/Microsoft.Storage/storageAccounts/st1srsvm",
            "identity": [],
            "immutability_policy": [],
            "infrastructure_encryption_enabled": false,
            "is_hns_enabled": true,
            "large_file_share_enabled": null,
            "location": "northeurope",
            "min_tls_version": "TLS1_2",
            "name": "st1srsvm",
            "network_rules": [
              {
                "bypass": [
                  "AzureServices"
                ],
                "default_action": "Allow",
                "ip_rules": [],
                "private_link_access": [],
                "virtual_network_subnet_ids": []
              }
            ],
            "nfsv3_enabled": false,
            "primary_access_key": "I9oWhzcoHh01Y/+VYsqKYrkA1ivemau+sn9hTEiHoDer7Gvrtpo4M0mcfdWSE0YEuTKal7LMshO5+AStaGNmOw==",
            "primary_blob_connection_string": "DefaultEndpointsProtocol=https;BlobEndpoint=https://st1srsvm.blob.core.windows.net/;AccountName=st1srsvm;AccountKey=I9oWhzcoHh01Y/+VYsqKYrkA1ivemau+sn9hTEiHoDer7Gvrtpo4M0mcfdWSE0YEuTKal7LMshO5+AStaGNmOw==",
            "primary_blob_endpoint": "https://st1srsvm.blob.core.windows.net/",
            "primary_blob_host": "st1srsvm.blob.core.windows.net",
            "primary_connection_string": "DefaultEndpointsProtocol=https;AccountName=st1srsvm;AccountKey=I9oWhzcoHh01Y/+VYsqKYrkA1ivemau+sn9hTEiHoDer7Gvrtpo4M0mcfdWSE0YEuTKal7LMshO5+AStaGNmOw==;EndpointSuffix=core.windows.net",
            "primary_dfs_endpoint": "https://st1srsvm.dfs.core.windows.net/",
            "primary_dfs_host": "st1srsvm.dfs.core.windows.net",
            "primary_file_endpoint": "https://st1srsvm.file.core.windows.net/",
            "primary_file_host": "st1srsvm.file.core.windows.net",
            "primary_location": "northeurope",
            "primary_queue_endpoint": "https://st1srsvm.queue.core.windows.net/",
            "primary_queue_host": "st1srsvm.queue.core.windows.net",
            "primary_table_endpoint": "https://st1srsvm.table.core.windows.net/",
            "primary_table_host": "st1srsvm.table.core.windows.net",
            "primary_web_endpoint": "https://st1srsvm.z16.web.core.windows.net/",
            "primary_web_host": "st1srsvm.z16.web.core.windows.net",
            "public_network_access_enabled": true,
            "queue_encryption_key_type": "Service",
            "queue_properties": [
              {
                "cors_rule": [],
                "hour_metrics": [
                  {
                    "enabled": true,
                    "include_apis": true,
                    "retention_policy_days": 7,
                    "version": "1.0"
                  }
                ],
                "logging": [
                  {
                    "delete": false,
                    "read": false,
                    "retention_policy_days": 0,
                    "version": "1.0",
                    "write": false
                  }
                ],
                "minute_metrics": [
                  {
                    "enabled": false,
                    "include_apis": false,
                    "retention_policy_days": 0,
                    "version": "1.0"
                  }
                ]
              }
            ],
            "resource_group_name": "rg-rich-prawn",
            "routing": [],
            "sas_policy": [],
            "secondary_access_key": "yDitoiBHlwpWBfwoEqr1iseoH1lT2k8GXS3c2JM8dPiN30q7dn7AVfn7Zk8FQQNzkgmN4ElJ/bNB+AStg6ZI8A==",
            "secondary_blob_connection_string": "",
            "secondary_blob_endpoint": null,
            "secondary_blob_host": null,
            "secondary_connection_string": "DefaultEndpointsProtocol=https;AccountName=st1srsvm;AccountKey=yDitoiBHlwpWBfwoEqr1iseoH1lT2k8GXS3c2JM8dPiN30q7dn7AVfn7Zk8FQQNzkgmN4ElJ/bNB+AStg6ZI8A==;EndpointSuffix=core.windows.net",
            "secondary_dfs_endpoint": null,
            "secondary_dfs_host": null,
            "secondary_file_endpoint": null,
            "secondary_file_host": null,
            "secondary_location": "",
            "secondary_queue_endpoint": null,
            "secondary_queue_host": null,
            "secondary_table_endpoint": null,
            "secondary_table_host": null,
            "secondary_web_endpoint": null,
            "secondary_web_host": null,
            "sftp_enabled": false,
            "share_properties": [
              {
                "cors_rule": [],
                "retention_policy": [
                  {
                    "days": 7
                  }
                ],
                "smb": []
              }
            ],
            "shared_access_key_enabled": true,
            "static_website": [],
            "table_encryption_key_type": "Service",
            "tags": {
              "Purpose": "Management storage account: Logs and telemetry common shared infrastructure"
            },
            "timeouts": null
          },
          "sensitive_attributes": [],
          "private": "eyJlMmJmYjczMC1lY2FhLTExZTYtOGY4OC0zNDM2M2JjN2M0YzAiOnsiY3JlYXRlIjozNjAwMDAwMDAwMDAwLCJkZWxldGUiOjM2MDAwMDAwMDAwMDAsInJlYWQiOjMwMDAwMDAwMDAwMCwidXBkYXRlIjozNjAwMDAwMDAwMDAwfSwic2NoZW1hX3ZlcnNpb24iOiIzIn0=",
          "dependencies": [
            "module.resource_group.azurerm_resource_group.rg",
            "module.resource_group.random_pet.rg_name",
            "module.resource_group.random_string.staccount"
          ]
        }
      ]
    },
    {
      "module": "module.resource_group",
      "mode": "managed",
      "type": "azurerm_storage_container",
      "name": "logcontainer",
      "provider": "provider[\"registry.terraform.io/hashicorp/azurerm\"]",
      "instances": [
        {
          "schema_version": 1,
          "attributes": {
            "container_access_type": "private",
            "has_immutability_policy": false,
            "has_legal_hold": false,
            "id": "https://st1srsvm.blob.core.windows.net/shinfralogs",
            "metadata": {},
            "name": "shinfralogs",
            "resource_manager_id": "/subscriptions/8fa9018b-616d-407d-8c95-5b793c7178ae/resourceGroups/rg-rich-prawn/providers/Microsoft.Storage/storageAccounts/st1srsvm/blobServices/default/containers/shinfralogs",
            "storage_account_name": "st1srsvm",
            "timeouts": null
          },
          "sensitive_attributes": [],
          "private": "eyJlMmJmYjczMC1lY2FhLTExZTYtOGY4OC0zNDM2M2JjN2M0YzAiOnsiY3JlYXRlIjoxODAwMDAwMDAwMDAwLCJkZWxldGUiOjE4MDAwMDAwMDAwMDAsInJlYWQiOjMwMDAwMDAwMDAwMCwidXBkYXRlIjoxODAwMDAwMDAwMDAwfSwic2NoZW1hX3ZlcnNpb24iOiIxIn0=",
          "dependencies": [
            "module.resource_group.azurerm_resource_group.rg",
            "module.resource_group.azurerm_storage_account.stmgmnt",
            "module.resource_group.random_pet.rg_name",
            "module.resource_group.random_string.staccount"
          ]
        }
      ]
    },
    {
      "module": "module.resource_group",
      "mode": "managed",
      "type": "random_pet",
      "name": "rg_name",
      "provider": "provider[\"registry.terraform.io/hashicorp/random\"]",
      "instances": [
        {
          "schema_version": 0,
          "attributes": {
            "id": "rg-rich-prawn",
            "keepers": null,
            "length": 2,
            "prefix": "rg",
            "separator": "-"
          },
          "sensitive_attributes": []
        }
      ]
    },
    {
      "module": "module.resource_group",
      "mode": "managed",
      "type": "random_string",
      "name": "staccount",
      "provider": "provider[\"registry.terraform.io/hashicorp/random\"]",
      "instances": [
        {
          "schema_version": 2,
          "attributes": {
            "id": "1srsvm",
            "keepers": null,
            "length": 6,
            "lower": true,
            "min_lower": 0,
            "min_numeric": 0,
            "min_special": 0,
            "min_upper": 0,
            "number": true,
            "numeric": true,
            "override_special": null,
            "result": "1srsvm",
            "special": false,
            "upper": false
          },
          "sensitive_attributes": []
        }
      ]
    },
    {
      "module": "module.virtual_network",
      "mode": "managed",
      "type": "azurerm_private_dns_zone",
      "name": "default",
      "provider": "provider[\"registry.terraform.io/hashicorp/azurerm\"]",
      "instances": [
        {
          "schema_version": 0,
          "attributes": {
            "id": "/subscriptions/8fa9018b-616d-407d-8c95-5b793c7178ae/resourceGroups/rg-rich-prawn/providers/Microsoft.Network/privateDnsZones/3nwx3m.mysql.database.azure.com",
            "max_number_of_record_sets": 25000,
            "max_number_of_virtual_network_links": 1000,
            "max_number_of_virtual_network_links_with_registration": 100,
            "name": "3nwx3m.mysql.database.azure.com",
            "number_of_record_sets": 2,
            "resource_group_name": "rg-rich-prawn",
            "soa_record": [
              {
                "email": "azureprivatedns-host.microsoft.com",
                "expire_time": 2419200,
                "fqdn": "3nwx3m.mysql.database.azure.com.",
                "host_name": "azureprivatedns.net",
                "minimum_ttl": 10,
                "refresh_time": 3600,
                "retry_time": 300,
                "serial_number": 1,
                "tags": {},
                "ttl": 3600
              }
            ],
            "tags": {},
            "timeouts": null
          },
          "sensitive_attributes": [],
          "private": "eyJlMmJmYjczMC1lY2FhLTExZTYtOGY4OC0zNDM2M2JjN2M0YzAiOnsiY3JlYXRlIjoxODAwMDAwMDAwMDAwLCJkZWxldGUiOjE4MDAwMDAwMDAwMDAsInJlYWQiOjMwMDAwMDAwMDAwMCwidXBkYXRlIjoxODAwMDAwMDAwMDAwfX0=",
          "dependencies": [
            "module.resource_group.azurerm_resource_group.rg",
            "module.resource_group.random_pet.rg_name",
            "module.virtual_network.random_string.vnet"
          ]
        }
      ]
    },
    {
      "module": "module.virtual_network",
      "mode": "managed",
      "type": "azurerm_private_dns_zone_virtual_network_link",
      "name": "default",
      "provider": "provider[\"registry.terraform.io/hashicorp/azurerm\"]",
      "instances": [
        {
          "schema_version": 0,
          "attributes": {
            "id": "/subscriptions/8fa9018b-616d-407d-8c95-5b793c7178ae/resourceGroups/rg-rich-prawn/providers/Microsoft.Network/privateDnsZones/3nwx3m.mysql.database.azure.com/virtualNetworkLinks/mysqlfsVnetZone3nwx3m.com",
            "name": "mysqlfsVnetZone3nwx3m.com",
            "private_dns_zone_name": "3nwx3m.mysql.database.azure.com",
            "registration_enabled": false,
            "resource_group_name": "rg-rich-prawn",
            "tags": {},
            "timeouts": null,
            "virtual_network_id": "/subscriptions/8fa9018b-616d-407d-8c95-5b793c7178ae/resourceGroups/rg-rich-prawn/providers/Microsoft.Network/virtualNetworks/vnet-scrm-dev"
          },
          "sensitive_attributes": [],
          "private": "eyJlMmJmYjczMC1lY2FhLTExZTYtOGY4OC0zNDM2M2JjN2M0YzAiOnsiY3JlYXRlIjoxODAwMDAwMDAwMDAwLCJkZWxldGUiOjE4MDAwMDAwMDAwMDAsInJlYWQiOjMwMDAwMDAwMDAwMCwidXBkYXRlIjoxODAwMDAwMDAwMDAwfX0=",
          "dependencies": [
            "module.resource_group.azurerm_resource_group.rg",
            "module.resource_group.random_pet.rg_name",
            "module.virtual_network.azurerm_private_dns_zone.default",
            "module.virtual_network.azurerm_virtual_network.default",
            "module.virtual_network.random_string.vnet"
          ]
        }
      ]
    },
    {
      "module": "module.virtual_network",
      "mode": "managed",
      "type": "azurerm_subnet",
      "name": "backsubnet",
      "provider": "provider[\"registry.terraform.io/hashicorp/azurerm\"]",
      "instances": [
        {
          "schema_version": 0,
          "attributes": {
            "address_prefixes": [
              "10.0.2.0/24"
            ],
            "delegation": [
              {
                "name": "fs",
                "service_delegation": [
                  {
                    "actions": [
                      "Microsoft.Network/virtualNetworks/subnets/join/action"
                    ],
                    "name": "Microsoft.DBforMySQL/flexibleServers"
                  }
                ]
              }
            ],
            "enforce_private_link_endpoint_network_policies": false,
            "enforce_private_link_service_network_policies": false,
            "id": "/subscriptions/8fa9018b-616d-407d-8c95-5b793c7178ae/resourceGroups/rg-rich-prawn/providers/Microsoft.Network/virtualNetworks/vnet-scrm-dev/subnets/snet-back",
            "name": "snet-back",
            "private_endpoint_network_policies_enabled": true,
            "private_link_service_network_policies_enabled": true,
            "resource_group_name": "rg-rich-prawn",
            "service_endpoint_policy_ids": [],
            "service_endpoints": [
              "Microsoft.Storage"
            ],
            "timeouts": null,
            "virtual_network_name": "vnet-scrm-dev"
          },
          "sensitive_attributes": [],
          "private": "eyJlMmJmYjczMC1lY2FhLTExZTYtOGY4OC0zNDM2M2JjN2M0YzAiOnsiY3JlYXRlIjoxODAwMDAwMDAwMDAwLCJkZWxldGUiOjE4MDAwMDAwMDAwMDAsInJlYWQiOjMwMDAwMDAwMDAwMCwidXBkYXRlIjoxODAwMDAwMDAwMDAwfX0=",
          "dependencies": [
            "module.resource_group.azurerm_resource_group.rg",
            "module.resource_group.random_pet.rg_name",
            "module.virtual_network.azurerm_virtual_network.default"
          ]
        }
      ]
    },
    {
      "module": "module.virtual_network",
      "mode": "managed",
      "type": "azurerm_subnet",
      "name": "front",
      "provider": "provider[\"registry.terraform.io/hashicorp/azurerm\"]",
      "instances": [
        {
          "schema_version": 0,
          "attributes": {
            "address_prefixes": [
              "10.0.1.0/24"
            ],
            "delegation": [],
            "enforce_private_link_endpoint_network_policies": false,
            "enforce_private_link_service_network_policies": false,
            "id": "/subscriptions/8fa9018b-616d-407d-8c95-5b793c7178ae/resourceGroups/rg-rich-prawn/providers/Microsoft.Network/virtualNetworks/vnet-scrm-dev/subnets/snet-front",
            "name": "snet-front",
            "private_endpoint_network_policies_enabled": true,
            "private_link_service_network_policies_enabled": true,
            "resource_group_name": "rg-rich-prawn",
            "service_endpoint_policy_ids": [],
            "service_endpoints": [],
            "timeouts": null,
            "virtual_network_name": "vnet-scrm-dev"
          },
          "sensitive_attributes": [],
          "private": "eyJlMmJmYjczMC1lY2FhLTExZTYtOGY4OC0zNDM2M2JjN2M0YzAiOnsiY3JlYXRlIjoxODAwMDAwMDAwMDAwLCJkZWxldGUiOjE4MDAwMDAwMDAwMDAsInJlYWQiOjMwMDAwMDAwMDAwMCwidXBkYXRlIjoxODAwMDAwMDAwMDAwfX0=",
          "dependencies": [
            "module.resource_group.azurerm_resource_group.rg",
            "module.resource_group.random_pet.rg_name",
            "module.virtual_network.azurerm_virtual_network.default"
          ]
        }
      ]
    },
    {
      "module": "module.virtual_network",
      "mode": "managed",
      "type": "azurerm_virtual_network",
      "name": "default",
      "provider": "provider[\"registry.terraform.io/hashicorp/azurerm\"]",
      "instances": [
        {
          "schema_version": 0,
          "attributes": {
            "address_space": [
              "10.0.0.0/16"
            ],
            "bgp_community": "",
            "ddos_protection_plan": [],
            "dns_servers": [],
            "edge_zone": "",
            "flow_timeout_in_minutes": 0,
            "guid": "1e49cd5d-5fa5-4227-99e3-9083d176c645",
            "id": "/subscriptions/8fa9018b-616d-407d-8c95-5b793c7178ae/resourceGroups/rg-rich-prawn/providers/Microsoft.Network/virtualNetworks/vnet-scrm-dev",
            "location": "northeurope",
            "name": "vnet-scrm-dev",
            "resource_group_name": "rg-rich-prawn",
            "subnet": [
              {
                "address_prefix": "10.0.1.0/24",
                "id": "/subscriptions/8fa9018b-616d-407d-8c95-5b793c7178ae/resourceGroups/rg-rich-prawn/providers/Microsoft.Network/virtualNetworks/vnet-scrm-dev/subnets/snet-front",
                "name": "snet-front",
                "security_group": ""
              },
              {
                "address_prefix": "10.0.2.0/24",
                "id": "/subscriptions/8fa9018b-616d-407d-8c95-5b793c7178ae/resourceGroups/rg-rich-prawn/providers/Microsoft.Network/virtualNetworks/vnet-scrm-dev/subnets/snet-back",
                "name": "snet-back",
                "security_group": ""
              }
            ],
            "tags": {},
            "timeouts": null
          },
          "sensitive_attributes": [],
          "private": "eyJlMmJmYjczMC1lY2FhLTExZTYtOGY4OC0zNDM2M2JjN2M0YzAiOnsiY3JlYXRlIjoxODAwMDAwMDAwMDAwLCJkZWxldGUiOjE4MDAwMDAwMDAwMDAsInJlYWQiOjMwMDAwMDAwMDAwMCwidXBkYXRlIjoxODAwMDAwMDAwMDAwfX0=",
          "dependencies": [
            "module.resource_group.azurerm_resource_group.rg",
            "module.resource_group.random_pet.rg_name"
          ]
        }
      ]
    },
    {
      "module": "module.virtual_network",
      "mode": "managed",
      "type": "random_string",
      "name": "vnet",
      "provider": "provider[\"registry.terraform.io/hashicorp/random\"]",
      "instances": [
        {
          "schema_version": 2,
          "attributes": {
            "id": "3nwx3m",
            "keepers": null,
            "length": 6,
            "lower": true,
            "min_lower": 0,
            "min_numeric": 0,
            "min_special": 0,
            "min_upper": 0,
            "number": true,
            "numeric": true,
            "override_special": null,
            "result": "3nwx3m",
            "special": false,
            "upper": false
          },
          "sensitive_attributes": []
        }
      ]
    }
  ],
  "check_results": null
}
